
Microsoft Visual Studio Solution File, Format Version 12.00
# Visual Studio Version 16
VisualStudioVersion = 16.0.33927.289
MinimumVisualStudioVersion = 10.0.40219.1
Project("{FAE04EC0-301F-11D3-BF4B-00C04F79EFBC}") = "QuickSale", "QuickSale\QuickSale.csproj", "{DFF74F80-CF2B-43B2-AE2D-45581A494B76}"
EndProject
Project("{2150E333-8FDC-42A3-9474-1A3956D46DE8}") = "src", "src", "{056CF626-E9F7-4CEE-902A-C3D7DB901142}"
EndProject
Global
	GlobalSection(SolutionConfigurationPlatforms) = preSolution
		Debug|Any CPU = Debug|Any CPU
		Release|Any CPU = Release|Any CPU
	EndGlobalSection
	GlobalSection(ProjectConfigurationPlatforms) = postSolution
		{DFF74F80-CF2B-43B2-AE2D-45581A494B76}.Debug|Any CPU.ActiveCfg = Debug|Any CPU
		{DFF74F80-CF2B-43B2-AE2D-45581A494B76}.Debug|Any CPU.Build.0 = Debug|Any CPU
		{DFF74F80-CF2B-43B2-AE2D-45581A494B76}.Release|Any CPU.ActiveCfg = Release|Any CPU
		{DFF74F80-CF2B-43B2-AE2D-45581A494B76}.Release|Any CPU.Build.0 = Release|Any CPU
	EndGlobalSection
	GlobalSection(SolutionProperties) = preSolution
		HideSolutionNode = FALSE
	EndGlobalSection
	GlobalSection(NestedProjects) = preSolution
		{DFF74F80-CF2B-43B2-AE2D-45581A494B76} = {056CF626-E9F7-4CEE-902A-C3D7DB901142}
	EndGlobalSection
	GlobalSection(ExtensibilityGlobals) = postSolution
		SolutionGuid = {91C58D05-8F0E-447D-929E-B55CA22D76E1}
	EndGlobalSection
EndGlobal
